Microsoft Visual Studio Solution File, Format Version 12.00
# Visual Studio Version 17
VisualStudioVersion = 17.5.2.0
MinimumVisualStudioVersion = 10.0.40219.1
Project("{FAE04EC0-301F-11D3-BF4B-00C04F79EFBC}") = "ToolDescriptionEvaluator", "src\ToolDescriptionEvaluator.csproj", "{39FCF4C2-6B7D-F7AE-170D-40B68D8532E2}"
EndProject
Project("{2150E333-8FDC-42A3-9474-1A3956D46DE8}") = "src", "src", "{02EA681E-C7D8-13C7-8484-4AC65E1B71E8}"
EndProject
Project("{2150E333-8FDC-42A3-9474-1A3956D46DE8}") = "tests", "tests", "{6F3DF750-4119-4D28-986A-3F22EF16E71E}"
EndProject
Global
	GlobalSection(SolutionConfigurationPlatforms) = preSolution
		Debug|Any CPU = Debug|Any CPU
		Release|Any CPU = Release|Any CPU
	EndGlobalSection
	GlobalSection(ProjectConfigurationPlatforms) = postSolution
		{39FCF4C2-6B7D-F7AE-170D-40B68D8532E2}.Debug|Any CPU.ActiveCfg = Debug|Any CPU
		{39FCF4C2-6B7D-F7AE-170D-40B68D8532E2}.Debug|Any CPU.Build.0 = Debug|Any CPU
		{39FCF4C2-6B7D-F7AE-170D-40B68D8532E2}.Release|Any CPU.ActiveCfg = Release|Any CPU
		{39FCF4C2-6B7D-F7AE-170D-40B68D8532E2}.Release|Any CPU.Build.0 = Release|Any CPU
	EndGlobalSection
	GlobalSection(SolutionProperties) = preSolution
		HideSolutionNode = FALSE
	EndGlobalSection
	GlobalSection(NestedProjects) = preSolution
		{39FCF4C2-6B7D-F7AE-170D-40B68D8532E2} = {02EA681E-C7D8-13C7-8484-4AC65E1B71E8}
	EndGlobalSection
	GlobalSection(ExtensibilityGlobals) = postSolution
		SolutionGuid = {060D0F8A-2065-4BB2-9CA8-C69DD9C64FB8}
	EndGlobalSection
EndGlobal
